
Microsoft Visual Studio Solution File, Format Version 12.00
# Visual Studio Version 17
VisualStudioVersion = 17.14.36310.24 d17.14
MinimumVisualStudioVersion = 10.0.40219.1
Project("{FAE04EC0-301F-11D3-BF4B-00C04F79EFBC}") = "StopWatch", "StopWatch\StopWatch.csproj", "{C3326D45-6114-4E4A-9922-778F2EEB7243}"
EndProject
Global
	GlobalSection(SolutionConfigurationPlatforms) = preSolution
		Debug|Any CPU = Debug|Any CPU
		Release|Any CPU = Release|Any CPU
	EndGlobalSection
	GlobalSection(ProjectConfigurationPlatforms) = postSolution
		{C3326D45-6114-4E4A-9922-778F2EEB7243}.Debug|Any CPU.ActiveCfg = Debug|Any CPU
		{C3326D45-6114-4E4A-9922-778F2EEB7243}.Debug|Any CPU.Build.0 = Debug|Any CPU
		{C3326D45-6114-4E4A-9922-778F2EEB7243}.Release|Any CPU.ActiveCfg = Release|Any CPU
		{C3326D45-6114-4E4A-9922-778F2EEB7243}.Release|Any CPU.Build.0 = Release|Any CPU
	EndGlobalSection
	GlobalSection(SolutionProperties) = preSolution
		HideSolutionNode = FALSE
	EndGlobalSection
	GlobalSection(ExtensibilityGlobals) = postSolution
		SolutionGuid = {25C25A7E-EDD8-4421-B14F-07E1F040E8EB}
	EndGlobalSection
EndGlobal
